
Microsoft Visual Studio Solution File, Format Version 12.00
# Visual Studio 2013
VisualStudioVersion = 12.0.21005.1
MinimumVisualStudioVersion = 10.0.40219.1
Project("{F2A71F9B-5D33-465A-A702-920D77279786}") = "Akabeko", "Akabeko\Akabeko.fsproj", "{03BF82F4-6F48-4D5F-865B-86D067B950F0}"
EndProject
Global
	GlobalSection(SolutionConfigurationPlatforms) = preSolution
		Debug|Any CPU = Debug|Any CPU
		Release|Any CPU = Release|Any CPU
	EndGlobalSection
	GlobalSection(ProjectConfigurationPlatforms) = postSolution
		{03BF82F4-6F48-4D5F-865B-86D067B950F0}.Debug|Any CPU.ActiveCfg = Debug|Any CPU
		{03BF82F4-6F48-4D5F-865B-86D067B950F0}.Debug|Any CPU.Build.0 = Debug|Any CPU
		{03BF82F4-6F48-4D5F-865B-86D067B950F0}.Release|Any CPU.ActiveCfg = Release|Any CPU
		{03BF82F4-6F48-4D5F-865B-86D067B950F0}.Release|Any CPU.Build.0 = Release|Any CPU
	EndGlobalSection
	GlobalSection(SolutionProperties) = preSolution
		HideSolutionNode = FALSE
	EndGlobalSection
EndGlobal
